// !$*UTF8*$!
{
	archiveVersion = 1;
	classes = {
	};
	objectVersion = 46;
	objects = {

/* Begin PBXBuildFile section */
		7F4A0D4F1BEE481400059923 /* AppDelegate.swift in Sources */ = {isa = PBXBuildFile; fileRef = 7F4A0D4E1BEE481400059923 /* AppDelegate.swift */; };
		7F4A0D511BEE481400059923 /* ViewController.swift in Sources */ = {isa = PBXBuildFile; fileRef = 7F4A0D501BEE481400059923 /* ViewController.swift */; };
		7F4A0D541BEE481400059923 /* Main.storyboard in Resources */ = {isa = PBXBuildFile; fileRef = 7F4A0D521BEE481400059923 /* Main.storyboard */; };
		7F4A0D561BEE481400059923 /* Assets.xcassets in Resources */ = {isa = PBXBuildFile; fileRef = 7F4A0D551BEE481400059923 /* Assets.xcassets */; };
		7F4A0D591BEE481400059923 /* LaunchScreen.storyboard in Resources */ = {isa = PBXBuildFile; fileRef = 7F4A0D571BEE481400059923 /* LaunchScreen.storyboard */; };
		7F4A0D621BEE497100059923 /* EVURLCache.swift in Sources */ = {isa = PBXBuildFile; fileRef = 7F4A0D611BEE497100059923 /* EVURLCache.swift */; };
		7F4A0D6B1BEFE4F400059923 /* PreCache in Resources */ = {isa = PBXBuildFile; fileRef = 7F4A0D6A1BEFE4F400059923 /* PreCache */; };
		7F4A41D71BF1F5BF00969D1F /* .gitattributes in Resources */ = {isa = PBXBuildFile; fileRef = 7F4A41D61BF1F5BF00969D1F /* .gitattributes */; };
		7F4E25AD1C11A5C6009494A8 /* OSXcompileTest.swift in Sources */ = {isa = PBXBuildFile; fileRef = 7F4E25AC1C11A5C6009494A8 /* OSXcompileTest.swift */; };
		7F4E25B21C11A5D0009494A8 /* EVURLCache.swift in Sources */ = {isa = PBXBuildFile; fileRef = 7F4A0D611BEE497100059923 /* EVURLCache.swift */; };
		7F649BBD1CCE49C0007C398F /* Reachability.swift in Sources */ = {isa = PBXBuildFile; fileRef = 7FFF79271CCD0A6A0085E6E4 /* Reachability.swift */; };
		7FFF79281CCD0A6A0085E6E4 /* Reachability.swift in Sources */ = {isa = PBXBuildFile; fileRef = 7FFF79271CCD0A6A0085E6E4 /* Reachability.swift */; };
		8ECDF9DD6ED38CDFCBAE4F3F /* Pods_OSXcompileTest.framework in Frameworks */ = {isa = PBXBuildFile; fileRef = D81C12CCF04AF23300938DC5 /* Pods_OSXcompileTest.framework */; };
		C65B38F18FC73826FCD2A7B6 /* Pods_EVURLCache.framework in Frameworks */ = {isa = PBXBuildFile; fileRef = 7566676951737F7DE11E9363 /* Pods_EVURLCache.framework */; };
/* End PBXBuildFile section */

/* Begin PBXFileReference section */
		05EE26FC72733C70FFA7F10C /* Pods.framework */ = {isa = PBXFileReference; explicitFileType = wrapper.framework; includeInIndex = 0; path = Pods.framework; sourceTree = BUILT_PRODUCTS_DIR; };
		144C37334311C3DEAAAE46C3 /* Pods-OSXcompileTest.release.xcconfig */ = {isa = PBXFileReference; includeInIndex = 1; lastKnownFileType = text.xcconfig; name = "Pods-OSXcompileTest.release.xcconfig"; path = "Pods/Target Support Files/Pods-OSXcompileTest/Pods-OSXcompileTest.release.xcconfig"; sourceTree = "<group>"; };
		7566676951737F7DE11E9363 /* Pods_EVURLCache.framework */ = {isa = PBXFileReference; explicitFileType = wrapper.framework; includeInIndex = 0; path = Pods_EVURLCache.framework; sourceTree = BUILT_PRODUCTS_DIR; };
		7F4A0D4B1BEE481400059923 /* EVURLCache.app */ = {isa = PBXFileReference; explicitFileType = wrapper.application; includeInIndex = 0; path = EVURLCache.app; sourceTree = BUILT_PRODUCTS_DIR; };
		7F4A0D4E1BEE481400059923 /* AppDelegate.swift */ = {isa = PBXFileReference; lastKnownFileType = sourcecode.swift; path = AppDelegate.swift; sourceTree = "<group>"; };
		7F4A0D501BEE481400059923 /* ViewController.swift */ = {isa = PBXFileReference; lastKnownFileType = sourcecode.swift; path = ViewController.swift; sourceTree = "<group>"; };
		7F4A0D531BEE481400059923 /* Base */ = {isa = PBXFileReference; lastKnownFileType = file.storyboard; name = Base; path = Base.lproj/Main.storyboard; sourceTree = "<group>"; };
		7F4A0D551BEE481400059923 /* Assets.xcassets */ = {isa = PBXFileReference; lastKnownFileType = folder.assetcatalog; path = Assets.xcassets; sourceTree = "<group>"; };
		7F4A0D581BEE481400059923 /* Base */ = {isa = PBXFileReference; lastKnownFileType = file.storyboard; name = Base; path = Base.lproj/LaunchScreen.storyboard; sourceTree = "<group>"; };
		7F4A0D5A1BEE481400059923 /* Info.plist */ = {isa = PBXFileReference; lastKnownFileType = text.plist.xml; path = Info.plist; sourceTree = "<group>"; };
		7F4A0D611BEE497100059923 /* EVURLCache.swift */ = {isa = PBXFileReference; fileEncoding = 4; lastKnownFileType = sourcecode.swift; name = EVURLCache.swift; path = Pod/EVURLCache.swift; sourceTree = "<group>"; };
		7F4A0D671BEF9F0700059923 /* EVURLCache.podspec */ = {isa = PBXFileReference; lastKnownFileType = text; path = EVURLCache.podspec; sourceTree = "<group>"; };
		7F4A0D681BEF9F0700059923 /* LICENSE */ = {isa = PBXFileReference; lastKnownFileType = text; path = LICENSE; sourceTree = "<group>"; };
		7F4A0D691BEFA0EB00059923 /* Podfile */ = {isa = PBXFileReference; lastKnownFileType = text; path = Podfile; sourceTree = "<group>"; xcLanguageSpecificationIdentifier = xcode.lang.ruby; };
		7F4A0D6A1BEFE4F400059923 /* PreCache */ = {isa = PBXFileReference; lastKnownFileType = folder; path = PreCache; sourceTree = "<group>"; };
		7F4A0D6C1BF1D4C200059923 /* README.md */ = {isa = PBXFileReference; lastKnownFileType = net.daringfireball.markdown; path = README.md; sourceTree = "<group>"; };
		7F4A0D6D1BF1D4EE00059923 /* .gitignore */ = {isa = PBXFileReference; lastKnownFileType = text; path = .gitignore; sourceTree = "<group>"; };
		7F4A0D6E1BF1D4EE00059923 /* .travis.yml */ = {isa = PBXFileReference; lastKnownFileType = text; path = .travis.yml; sourceTree = "<group>"; };
		7F4A41D61BF1F5BF00969D1F /* .gitattributes */ = {isa = PBXFileReference; fileEncoding = 4; lastKnownFileType = text; path = .gitattributes; sourceTree = "<group>"; };
		7F4E25AA1C11A5C6009494A8 /* OSXcompileTest.xctest */ = {isa = PBXFileReference; explicitFileType = wrapper.cfbundle; includeInIndex = 0; path = OSXcompileTest.xctest; sourceTree = BUILT_PRODUCTS_DIR; };
		7F4E25AC1C11A5C6009494A8 /* OSXcompileTest.swift */ = {isa = PBXFileReference; lastKnownFileType = sourcecode.swift; path = OSXcompileTest.swift; sourceTree = "<group>"; };
		7F4E25AE1C11A5C6009494A8 /* Info.plist */ = {isa = PBXFileReference; lastKnownFileType = text.plist.xml; path = Info.plist; sourceTree = "<group>"; };
		7FFF79271CCD0A6A0085E6E4 /* Reachability.swift */ = {isa = PBXFileReference; fileEncoding = 4; lastKnownFileType = sourcecode.swift; name = Reachability.swift; path = Pod/Reachability.swift; sourceTree = "<group>"; };
		C2CF2074981B9568E99CB19C /* Pods-OSXcompileTest.debug.xcconfig */ = {isa = PBXFileReference; includeInIndex = 1; lastKnownFileType = text.xcconfig; name = "Pods-OSXcompileTest.debug.xcconfig"; path = "Pods/Target Support Files/Pods-OSXcompileTest/Pods-OSXcompileTest.debug.xcconfig"; sourceTree = "<group>"; };
		CD76B9911492321A2FCCD8BE /* Pods-EVURLCache.debug.xcconfig */ = {isa = PBXFileReference; includeInIndex = 1; lastKnownFileType = text.xcconfig; name = "Pods-EVURLCache.debug.xcconfig"; path = "Pods/Target Support Files/Pods-EVURLCache/Pods-EVURLCache.debug.xcconfig"; sourceTree = "<group>"; };
		D81C12CCF04AF23300938DC5 /* Pods_OSXcompileTest.framework */ = {isa = PBXFileReference; explicitFileType = wrapper.framework; includeInIndex = 0; path = Pods_OSXcompileTest.framework; sourceTree = BUILT_PRODUCTS_DIR; };
		DC5DD053A55845B5CAE6BBE2 /* Pods-EVURLCache.release.xcconfig */ = {isa = PBXFileReference; includeInIndex = 1; lastKnownFileType = text.xcconfig; name = "Pods-EVURLCache.release.xcconfig"; path = "Pods/Target Support Files/Pods-EVURLCache/Pods-EVURLCache.release.xcconfig"; sourceTree = "<group>"; };
/* End PBXFileReference section */

/* Begin PBXFrameworksBuildPhase section */
		7F4A0D481BEE481400059923 /* Frameworks */ = {
			isa = PBXFrameworksBuildPhase;
			buildActionMask = 2147483647;
			files = (
				C65B38F18FC73826FCD2A7B6 /* Pods_EVURLCache.framework in Frameworks */,
			);
			runOnlyForDeploymentPostprocessing = 0;
		};
		7F4E25A71C11A5C6009494A8 /* Frameworks */ = {
			isa = PBXFrameworksBuildPhase;
			buildActionMask = 2147483647;
			files = (
				8ECDF9DD6ED38CDFCBAE4F3F /* Pods_OSXcompileTest.framework in Frameworks */,
			);
			runOnlyForDeploymentPostprocessing = 0;
		};
/* End PBXFrameworksBuildPhase section */

/* Begin PBXGroup section */
		19413DFDF2B04B13ECBD1B5F /* Frameworks */ = {
			isa = PBXGroup;
			children = (
				05EE26FC72733C70FFA7F10C /* Pods.framework */,
				7566676951737F7DE11E9363 /* Pods_EVURLCache.framework */,
				D81C12CCF04AF23300938DC5 /* Pods_OSXcompileTest.framework */,
			);
			name = Frameworks;
			sourceTree = "<group>";
		};
		62D28551C258F300F5E3DA2D /* Pods */ = {
			isa = PBXGroup;
			children = (
				CD76B9911492321A2FCCD8BE /* Pods-EVURLCache.debug.xcconfig */,
				DC5DD053A55845B5CAE6BBE2 /* Pods-EVURLCache.release.xcconfig */,
				C2CF2074981B9568E99CB19C /* Pods-OSXcompileTest.debug.xcconfig */,
				144C37334311C3DEAAAE46C3 /* Pods-OSXcompileTest.release.xcconfig */,
			);
			name = Pods;
			sourceTree = "<group>";
		};
		7F4A0D421BEE481400059923 = {
			isa = PBXGroup;
			children = (
				7F4A0D6C1BF1D4C200059923 /* README.md */,
				7F4A0D6D1BF1D4EE00059923 /* .gitignore */,
				7F4A41D61BF1F5BF00969D1F /* .gitattributes */,
				7F4A0D6E1BF1D4EE00059923 /* .travis.yml */,
				7F4A0D671BEF9F0700059923 /* EVURLCache.podspec */,
				7F4A0D681BEF9F0700059923 /* LICENSE */,
				7F4A0D691BEFA0EB00059923 /* Podfile */,
				7F4A0D6A1BEFE4F400059923 /* PreCache */,
				7F4A0D4D1BEE481400059923 /* EVURLCache */,
				7F4E25AB1C11A5C6009494A8 /* OSXcompileTest */,
				7F4A0D4C1BEE481400059923 /* Products */,
				19413DFDF2B04B13ECBD1B5F /* Frameworks */,
				62D28551C258F300F5E3DA2D /* Pods */,
			);
			sourceTree = "<group>";
		};
		7F4A0D4C1BEE481400059923 /* Products */ = {
			isa = PBXGroup;
			children = (
				7F4A0D4B1BEE481400059923 /* EVURLCache.app */,
				7F4E25AA1C11A5C6009494A8 /* OSXcompileTest.xctest */,
			);
			name = Products;
			sourceTree = "<group>";
		};
		7F4A0D4D1BEE481400059923 /* EVURLCache */ = {
			isa = PBXGroup;
			children = (
				7F4A0D601BEE495D00059923 /* Pod */,
				7F4A0D4E1BEE481400059923 /* AppDelegate.swift */,
				7F4A0D501BEE481400059923 /* ViewController.swift */,
				7F4A0D521BEE481400059923 /* Main.storyboard */,
				7F4A0D551BEE481400059923 /* Assets.xcassets */,
				7F4A0D571BEE481400059923 /* LaunchScreen.storyboard */,
				7F4A0D5A1BEE481400059923 /* Info.plist */,
			);
			path = EVURLCache;
			sourceTree = "<group>";
		};
		7F4A0D601BEE495D00059923 /* Pod */ = {
			isa = PBXGroup;
			children = (
				7F4A0D611BEE497100059923 /* EVURLCache.swift */,
				7FFF79271CCD0A6A0085E6E4 /* Reachability.swift */,
			);
			name = Pod;
			sourceTree = "<group>";
		};
		7F4E25AB1C11A5C6009494A8 /* OSXcompileTest */ = {
			isa = PBXGroup;
			children = (
				7F4E25AC1C11A5C6009494A8 /* OSXcompileTest.swift */,
				7F4E25AE1C11A5C6009494A8 /* Info.plist */,
			);
			path = OSXcompileTest;
			sourceTree = "<group>";
		};
/* End PBXGroup section */

/* Begin PBXNativeTarget section */
		7F4A0D4A1BEE481400059923 /* EVURLCache */ = {
			isa = PBXNativeTarget;
			buildConfigurationList = 7F4A0D5D1BEE481400059923 /* Build configuration list for PBXNativeTarget "EVURLCache" */;
			buildPhases = (
				2480E46CF337A9A60388BEC8 /* 📦 Check Pods Manifest.lock */,
				7F4A0D471BEE481400059923 /* Sources */,
				7F4A0D481BEE481400059923 /* Frameworks */,
				7F4A0D491BEE481400059923 /* Resources */,
				ED5904373F15D0F0CB0655D5 /* 📦 Embed Pods Frameworks */,
				3D41C5767D577AEF3868CAC5 /* 📦 Copy Pods Resources */,
			);
			buildRules = (
			);
			dependencies = (
			);
			name = EVURLCache;
			productName = EVURLCache;
			productReference = 7F4A0D4B1BEE481400059923 /* EVURLCache.app */;
			productType = "com.apple.product-type.application";
		};
		7F4E25A91C11A5C6009494A8 /* OSXcompileTest */ = {
			isa = PBXNativeTarget;
			buildConfigurationList = 7F4E25B11C11A5C6009494A8 /* Build configuration list for PBXNativeTarget "OSXcompileTest" */;
			buildPhases = (
				6172B06666041FB1CF1FAE87 /* 📦 Check Pods Manifest.lock */,
				7F4E25A61C11A5C6009494A8 /* Sources */,
				7F4E25A71C11A5C6009494A8 /* Frameworks */,
				7F4E25A81C11A5C6009494A8 /* Resources */,
				EB7D9821C8A61694ED6C99BB /* 📦 Embed Pods Frameworks */,
				A2A9A2CF471A2A03320F9279 /* 📦 Copy Pods Resources */,
			);
			buildRules = (
			);
			dependencies = (
			);
			name = OSXcompileTest;
			productName = OSXcompileTest;
			productReference = 7F4E25AA1C11A5C6009494A8 /* OSXcompileTest.xctest */;
			productType = "com.apple.product-type.bundle.unit-test";
		};
/* End PBXNativeTarget section */

/* Begin PBXProject section */
		7F4A0D431BEE481400059923 /* Project object */ = {
			isa = PBXProject;
			attributes = {
				LastSwiftUpdateCheck = 0710;
				LastUpgradeCheck = 0710;
				ORGANIZATIONNAME = evict;
				TargetAttributes = {
					7F4A0D4A1BEE481400059923 = {
						CreatedOnToolsVersion = 7.1;
					};
					7F4E25A91C11A5C6009494A8 = {
						CreatedOnToolsVersion = 7.1.1;
					};
				};
			};
			buildConfigurationList = 7F4A0D461BEE481400059923 /* Build configuration list for PBXProject "EVURLCache" */;
			compatibilityVersion = "Xcode 3.2";
			developmentRegion = English;
			hasScannedForEncodings = 0;
			knownRegions = (
				en,
				Base,
			);
			mainGroup = 7F4A0D421BEE481400059923;
			productRefGroup = 7F4A0D4C1BEE481400059923 /* Products */;
			projectDirPath = "";
			projectRoot = "";
			targets = (
				7F4A0D4A1BEE481400059923 /* EVURLCache */,
				7F4E25A91C11A5C6009494A8 /* OSXcompileTest */,
			);
		};
/* End PBXProject section */

/* Begin PBXResourcesBuildPhase section */
		7F4A0D491BEE481400059923 /* Resources */ = {
			isa = PBXResourcesBuildPhase;
			buildActionMask = 2147483647;
			files = (
				7F4A41D71BF1F5BF00969D1F /* .gitattributes in Resources */,
				7F4A0D591BEE481400059923 /* LaunchScreen.storyboard in Resources */,
				7F4A0D561BEE481400059923 /* Assets.xcassets in Resources */,
				7F4A0D541BEE481400059923 /* Main.storyboard in Resources */,
				7F4A0D6B1BEFE4F400059923 /* PreCache in Resources */,
			);
			runOnlyForDeploymentPostprocessing = 0;
		};
		7F4E25A81C11A5C6009494A8 /* Resources */ = {
			isa = PBXResourcesBuildPhase;
			buildActionMask = 2147483647;
			files = (
			);
			runOnlyForDeploymentPostprocessing = 0;
		};
/* End PBXResourcesBuildPhase section */

/* Begin PBXShellScriptBuildPhase section */
		2480E46CF337A9A60388BEC8 /* 📦 Check Pods Manifest.lock */ = {
			isa = PBXShellScriptBuildPhase;
			buildActionMask = 2147483647;
			files = (
			);
			inputPaths = (
			);
			name = "📦 Check Pods Manifest.lock";
			outputPaths = (
			);
			runOnlyForDeploymentPostprocessing = 0;
			shellPath = /bin/sh;
			shellScript = "diff \"${PODS_ROOT}/../Podfile.lock\" \"${PODS_ROOT}/Manifest.lock\" > /dev/null\nif [[ $? != 0 ]] ; then\n    cat << EOM\nerror: The sandbox is not in sync with the Podfile.lock. Run 'pod install' or update your CocoaPods installation.\nEOM\n    exit 1\nfi\n";
			showEnvVarsInLog = 0;
		};
		3D41C5767D577AEF3868CAC5 /* 📦 Copy Pods Resources */ = {
			isa = PBXShellScriptBuildPhase;
			buildActionMask = 2147483647;
			files = (
			);
			inputPaths = (
			);
			name = "📦 Copy Pods Resources";
			outputPaths = (
			);
			runOnlyForDeploymentPostprocessing = 0;
			shellPath = /bin/sh;
			shellScript = "\"${SRCROOT}/Pods/Target Support Files/Pods-EVURLCache/Pods-EVURLCache-resources.sh\"\n";
			showEnvVarsInLog = 0;
		};
		6172B06666041FB1CF1FAE87 /* 📦 Check Pods Manifest.lock */ = {
			isa = PBXShellScriptBuildPhase;
			buildActionMask = 2147483647;
			files = (
			);
			inputPaths = (
			);
			name = "📦 Check Pods Manifest.lock";
			outputPaths = (
			);
			runOnlyForDeploymentPostprocessing = 0;
			shellPath = /bin/sh;
			shellScript = "diff \"${PODS_ROOT}/../Podfile.lock\" \"${PODS_ROOT}/Manifest.lock\" > /dev/null\nif [[ $? != 0 ]] ; then\n    cat << EOM\nerror: The sandbox is not in sync with the Podfile.lock. Run 'pod install' or update your CocoaPods installation.\nEOM\n    exit 1\nfi\n";
			showEnvVarsInLog = 0;
		};
		A2A9A2CF471A2A03320F9279 /* 📦 Copy Pods Resources */ = {
			isa = PBXShellScriptBuildPhase;
			buildActionMask = 2147483647;
			files = (
			);
			inputPaths = (
			);
			name = "📦 Copy Pods Resources";
			outputPaths = (
			);
			runOnlyForDeploymentPostprocessing = 0;
			shellPath = /bin/sh;
			shellScript = "\"${SRCROOT}/Pods/Target Support Files/Pods-OSXcompileTest/Pods-OSXcompileTest-resources.sh\"\n";
			showEnvVarsInLog = 0;
		};
		EB7D9821C8A61694ED6C99BB /* 📦 Embed Pods Frameworks */ = {
			isa = PBXShellScriptBuildPhase;
			buildActionMask = 2147483647;
			files = (
			);
			inputPaths = (
			);
			name = "📦 Embed Pods Frameworks";
			outputPaths = (
			);
			runOnlyForDeploymentPostprocessing = 0;
			shellPath = /bin/sh;
			shellScript = "\"${SRCROOT}/Pods/Target Support Files/Pods-OSXcompileTest/Pods-OSXcompileTest-frameworks.sh\"\n";
			showEnvVarsInLog = 0;
		};
		ED5904373F15D0F0CB0655D5 /* 📦 Embed Pods Frameworks */ = {
			isa = PBXShellScriptBuildPhase;
			buildActionMask = 2147483647;
			files = (
			);
			inputPaths = (
			);
			name = "📦 Embed Pods Frameworks";
			outputPaths = (
			);
			runOnlyForDeploymentPostprocessing = 0;
			shellPath = /bin/sh;
			shellScript = "\"${SRCROOT}/Pods/Target Support Files/Pods-EVURLCache/Pods-EVURLCache-frameworks.sh\"\n";
			showEnvVarsInLog = 0;
		};
/* End PBXShellScriptBuildPhase section */

/* Begin PBXSourcesBuildPhase section */
		7F4A0D471BEE481400059923 /* Sources */ = {
			isa = PBXSourcesBuildPhase;
			buildActionMask = 2147483647;
			files = (
				7F4A0D511BEE481400059923 /* ViewController.swift in Sources */,
				7F4A0D621BEE497100059923 /* EVURLCache.swift in Sources */,
				7FFF79281CCD0A6A0085E6E4 /* Reachability.swift in Sources */,
				7F4A0D4F1BEE481400059923 /* AppDelegate.swift in Sources */,
			);
			runOnlyForDeploymentPostprocessing = 0;
		};
		7F4E25A61C11A5C6009494A8 /* Sources */ = {
			isa = PBXSourcesBuildPhase;
			buildActionMask = 2147483647;
			files = (
				7F4E25AD1C11A5C6009494A8 /* OSXcompileTest.swift in Sources */,
				7F4E25B21C11A5D0009494A8 /* EVURLCache.swift in Sources */,
				7F649BBD1CCE49C0007C398F /* Reachability.swift in Sources */,
			);
			runOnlyForDeploymentPostprocessing = 0;
		};
/* End PBXSourcesBuildPhase section */

/* Begin PBXVariantGroup section */
		7F4A0D521BEE481400059923 /* Main.storyboard */ = {
			isa = PBXVariantGroup;
			children = (
				7F4A0D531BEE481400059923 /* Base */,
			);
			name = Main.storyboard;
			sourceTree = "<group>";
		};
		7F4A0D571BEE481400059923 /* LaunchScreen.storyboard */ = {
			isa = PBXVariantGroup;
			children = (
				7F4A0D581BEE481400059923 /* Base */,
			);
			name = LaunchScreen.storyboard;
			sourceTree = "<group>";
		};
/* End PBXVariantGroup section */

/* Begin XCBuildConfiguration section */
		7F4A0D5B1BEE481400059923 /* Debug */ = {
			isa = XCBuildConfiguration;
			buildSettings = {
				ALWAYS_SEARCH_USER_PATHS = NO;
				CLANG_CXX_LANGUAGE_STANDARD = "gnu++0x";
				CLANG_CXX_LIBRARY = "libc++";
				CLANG_ENABLE_MODULES = YES;
				CLANG_ENABLE_OBJC_ARC = YES;
				CLANG_WARN_BOOL_CONVERSION = YES;
				CLANG_WARN_CONSTANT_CONVERSION = YES;
				CLANG_WARN_DIRECT_OBJC_ISA_USAGE = YES_ERROR;
				CLANG_WARN_EMPTY_BODY = YES;
				CLANG_WARN_ENUM_CONVERSION = YES;
				CLANG_WARN_INT_CONVERSION = YES;
				CLANG_WARN_OBJC_ROOT_CLASS = YES_ERROR;
				CLANG_WARN_UNREACHABLE_CODE = YES;
				CLANG_WARN__DUPLICATE_METHOD_MATCH = YES;
				"CODE_SIGN_IDENTITY[sdk=iphoneos*]" = "iPhone Developer";
				COPY_PHASE_STRIP = NO;
				DEBUG_INFORMATION_FORMAT = dwarf;
				ENABLE_STRICT_OBJC_MSGSEND = YES;
				ENABLE_TESTABILITY = YES;
				GCC_C_LANGUAGE_STANDARD = gnu99;
				GCC_DYNAMIC_NO_PIC = NO;
				GCC_NO_COMMON_BLOCKS = YES;
				GCC_OPTIMIZATION_LEVEL = 0;
				GCC_PREPROCESSOR_DEFINITIONS = (
					"DEBUG=1",
					"$(inherited)",
				);
				GCC_WARN_64_TO_32_BIT_CONVERSION = YES;
				GCC_WARN_ABOUT_RETURN_TYPE = YES_ERROR;
				GCC_WARN_UNDECLARED_SELECTOR = YES;
				GCC_WARN_UNINITIALIZED_AUTOS = YES_AGGRESSIVE;
				GCC_WARN_UNUSED_FUNCTION = YES;
				GCC_WARN_UNUSED_VARIABLE = YES;
				IPHONEOS_DEPLOYMENT_TARGET = 9.2;
				MTL_ENABLE_DEBUG_INFO = YES;
				ONLY_ACTIVE_ARCH = YES;
				SDKROOT = iphoneos;
				SWIFT_OPTIMIZATION_LEVEL = "-Onone";
				TARGETED_DEVICE_FAMILY = "1,2";
			};
			name = Debug;
		};
		7F4A0D5C1BEE481400059923 /* Release */ = {
			isa = XCBuildConfiguration;
			buildSettings = {
				ALWAYS_SEARCH_USER_PATHS = NO;
				CLANG_CXX_LANGUAGE_STANDARD = "gnu++0x";
				CLANG_CXX_LIBRARY = "libc++";
				CLANG_ENABLE_MODULES = YES;
				CLANG_ENABLE_OBJC_ARC = YES;
				CLANG_WARN_BOOL_CONVERSION = YES;
				CLANG_WARN_CONSTANT_CONVERSION = YES;
				CLANG_WARN_DIRECT_OBJC_ISA_USAGE = YES_ERROR;
				CLANG_WARN_EMPTY_BODY = YES;
				CLANG_WARN_ENUM_CONVERSION = YES;
				CLANG_WARN_INT_CONVERSION = YES;
				CLANG_WARN_OBJC_ROOT_CLASS = YES_ERROR;
				CLANG_WARN_UNREACHABLE_CODE = YES;
				CLANG_WARN__DUPLICATE_METHOD_MATCH = YES;
				"CODE_SIGN_IDENTITY[sdk=iphoneos*]" = "iPhone Developer";
				COPY_PHASE_STRIP = NO;
				DEBUG_INFORMATION_FORMAT = "dwarf-with-dsym";
				ENABLE_NS_ASSERTIONS = NO;
				ENABLE_STRICT_OBJC_MSGSEND = YES;
				GCC_C_LANGUAGE_STANDARD = gnu99;
				GCC_NO_COMMON_BLOCKS = YES;
				GCC_WARN_64_TO_32_BIT_CONVERSION = YES;
				GCC_WARN_ABOUT_RETURN_TYPE = YES_ERROR;
				GCC_WARN_UNDECLARED_SELECTOR = YES;
				GCC_WARN_UNINITIALIZED_AUTOS = YES_AGGRESSIVE;
				GCC_WARN_UNUSED_FUNCTION = YES;
				GCC_WARN_UNUSED_VARIABLE = YES;
				IPHONEOS_DEPLOYMENT_TARGET = 9.2;
				MTL_ENABLE_DEBUG_INFO = NO;
				SDKROOT = iphoneos;
				TARGETED_DEVICE_FAMILY = "1,2";
				VALIDATE_PRODUCT = YES;
			};
			name = Release;
		};
		7F4A0D5E1BEE481400059923 /* Debug */ = {
			isa = XCBuildConfiguration;
			baseConfigurationReference = CD76B9911492321A2FCCD8BE /* Pods-EVURLCache.debug.xcconfig */;
			buildSettings = {
				ASSETCATALOG_COMPILER_APPICON_NAME = AppIcon;
				INFOPLIST_FILE = EVURLCache/Info.plist;
				LD_RUNPATH_SEARCH_PATHS = "$(inherited) @executable_path/Frameworks";
				PRODUCT_BUNDLE_IDENTIFIER = nl.evict.EVURLCache;
				PRODUCT_NAME = "$(TARGET_NAME)";
			};
			name = Debug;
		};
		7F4A0D5F1BEE481400059923 /* Release */ = {
			isa = XCBuildConfiguration;
			baseConfigurationReference = DC5DD053A55845B5CAE6BBE2 /* Pods-EVURLCache.release.xcconfig */;
			buildSettings = {
				ASSETCATALOG_COMPILER_APPICON_NAME = AppIcon;
				INFOPLIST_FILE = EVURLCache/Info.plist;
				LD_RUNPATH_SEARCH_PATHS = "$(inherited) @executable_path/Frameworks";
				PRODUCT_BUNDLE_IDENTIFIER = nl.evict.EVURLCache;
				PRODUCT_NAME = "$(TARGET_NAME)";
			};
			name = Release;
		};
		7F4E25AF1C11A5C6009494A8 /* Debug */ = {
			isa = XCBuildConfiguration;
			baseConfigurationReference = C2CF2074981B9568E99CB19C /* Pods-OSXcompileTest.debug.xcconfig */;
			buildSettings = {
				CODE_SIGN_IDENTITY = "-";
				COMBINE_HIDPI_IMAGES = YES;
				INFOPLIST_FILE = OSXcompileTest/Info.plist;
				LD_RUNPATH_SEARCH_PATHS = "$(inherited) @executable_path/../Frameworks @loader_path/../Frameworks";
				MACOSX_DEPLOYMENT_TARGET = 10.11;
				PRODUCT_BUNDLE_IDENTIFIER = nl.evict.OSXcompileTest;
				PRODUCT_NAME = "$(TARGET_NAME)";
				SDKROOT = macosx;
			};
			name = Debug;
		};
		7F4E25B01C11A5C6009494A8 /* Release */ = {
			isa = XCBuildConfiguration;
			baseConfigurationReference = 144C37334311C3DEAAAE46C3 /* Pods-OSXcompileTest.release.xcconfig */;
			buildSettings = {
				CODE_SIGN_IDENTITY = "-";
				COMBINE_HIDPI_IMAGES = YES;
				INFOPLIST_FILE = OSXcompileTest/Info.plist;
				LD_RUNPATH_SEARCH_PATHS = "$(inherited) @executable_path/../Frameworks @loader_path/../Frameworks";
				MACOSX_DEPLOYMENT_TARGET = 10.11;
				PRODUCT_BUNDLE_IDENTIFIER = nl.evict.OSXcompileTest;
				PRODUCT_NAME = "$(TARGET_NAME)";
				SDKROOT = macosx;
			};
			name = Release;
		};
/* End XCBuildConfiguration section */

/* Begin XCConfigurationList section */
		7F4A0D461BEE481400059923 /* Build configuration list for PBXProject "EVURLCache" */ = {
			isa = XCConfigurationList;
			buildConfigurations = (
				7F4A0D5B1BEE481400059923 /* Debug */,
				7F4A0D5C1BEE481400059923 /* Release */,
			);
			defaultConfigurationIsVisible = 0;
			defaultConfigurationName = Release;
		};
		7F4A0D5D1BEE481400059923 /* Build configuration list for PBXNativeTarget "EVURLCache" */ = {
			isa = XCConfigurationList;
			buildConfigurations = (
				7F4A0D5E1BEE481400059923 /* Debug */,
				7F4A0D5F1BEE481400059923 /* Release */,
			);
			defaultConfigurationIsVisible = 0;
			defaultConfigurationName = Release;
		};
		7F4E25B11C11A5C6009494A8 /* Build configuration list for PBXNativeTarget "OSXcompileTest" */ = {
			isa = XCConfigurationList;
			buildConfigurations = (
				7F4E25AF1C11A5C6009494A8 /* Debug */,
				7F4E25B01C11A5C6009494A8 /* Release */,
			);
			defaultConfigurationIsVisible = 0;
			defaultConfigurationName = Release;
		};
/* End XCConfigurationList section */
	};
	rootObject = 7F4A0D431BEE481400059923 /* Project object */;
}
